
Microsoft Visual Studio Solution File, Format Version 12.00
# Visual Studio Version 17
VisualStudioVersion = 17.2.32616.157
MinimumVisualStudioVersion = 10.0.40219.1
Project("{FAE04EC0-301F-11D3-BF4B-00C04F79EFBC}") = "Lab2", "Lab2.csproj", "{66129C5F-1DE8-45BD-82E4-E6B0DCCD598A}"
EndProject
Global
	GlobalSection(SolutionConfigurationPlatforms) = preSolution
		Debug|Any CPU = Debug|Any CPU
		Release|Any CPU = Release|Any CPU
	EndGlobalSection
	GlobalSection(ProjectConfigurationPlatforms) = postSolution
		{66129C5F-1DE8-45BD-82E4-E6B0DCCD598A}.Debug|Any CPU.ActiveCfg = Debug|Any CPU
		{66129C5F-1DE8-45BD-82E4-E6B0DCCD598A}.Debug|Any CPU.Build.0 = Debug|Any CPU
		{66129C5F-1DE8-45BD-82E4-E6B0DCCD598A}.Release|Any CPU.ActiveCfg = Release|Any CPU
		{66129C5F-1DE8-45BD-82E4-E6B0DCCD598A}.Release|Any CPU.Build.0 = Release|Any CPU
	EndGlobalSection
	GlobalSection(SolutionProperties) = preSolution
		HideSolutionNode = FALSE
	EndGlobalSection
	GlobalSection(ExtensibilityGlobals) = postSolution
		SolutionGuid = {E009944E-33F2-44F2-A564-95959C09FFDA}
	EndGlobalSection
EndGlobal
